<?xml version="1.0" encoding="utf-8"?>
<Project ToolsVersion="4.0" xmlns="http://schemas.microsoft.com/developer/msbuild/2003">
  <ItemGroup>
    <ClCompile Include="HelloDXR.cpp" />
  </ItemGroup>
  <ItemGroup>
    <ClInclude Include="HelloDXR.h" />
  </ItemGroup>
  <ItemGroup>
    <ShaderSource Include="HelloDXR.ps.slang" />
    <ShaderSource Include="HelloDXR.rt.slang" />
    <ShaderSource Include="ParticleConstColor.ps.slang" />
    <ShaderSource Include="ParticleInterpColor.ps.slang" />
    <ShaderSource Include="ParticleTexture.ps.slang" />
    <ShaderSource Include="Blend.cs.slang" />
    <ShaderSource Include="RayData.slangh" />
    <ShaderSource Include="BlitUnormToRT.cs.slang" />
    <ShaderSource Include="Fill.cs.slang" />
  </ItemGroup>
</Project>